// !$*UTF8*$!
{
	archiveVersion = 1;
	classes = {
	};
	objectVersion = 46;
	objects = {

/* Begin PBXBuildFile section */
		D21AAC161BAB743100C13071 /* AppDelegate.swift in Sources */ = {isa = PBXBuildFile; fileRef = D21AAC151BAB743100C13071 /* AppDelegate.swift */; };
		D21AAC181BAB743100C13071 /* ViewController.swift in Sources */ = {isa = PBXBuildFile; fileRef = D21AAC171BAB743100C13071 /* ViewController.swift */; };
		D21AAC1B1BAB743100C13071 /* Main.storyboard in Resources */ = {isa = PBXBuildFile; fileRef = D21AAC191BAB743100C13071 /* Main.storyboard */; };
		D21AAC1D1BAB743100C13071 /* Assets.xcassets in Resources */ = {isa = PBXBuildFile; fileRef = D21AAC1C1BAB743100C13071 /* Assets.xcassets */; };
		D21AAC201BAB743100C13071 /* LaunchScreen.storyboard in Resources */ = {isa = PBXBuildFile; fileRef = D21AAC1E1BAB743100C13071 /* LaunchScreen.storyboard */; };
		D21AAC2B1BAB743200C13071 /* MemeMeTests.swift in Sources */ = {isa = PBXBuildFile; fileRef = D21AAC2A1BAB743200C13071 /* MemeMeTests.swift */; };
		D21AAC361BAB743200C13071 /* MemeMeUITests.swift in Sources */ = {isa = PBXBuildFile; fileRef = D21AAC351BAB743200C13071 /* MemeMeUITests.swift */; };
/* End PBXBuildFile section */

/* Begin PBXContainerItemProxy section */
		D21AAC271BAB743200C13071 /* PBXContainerItemProxy */ = {
			isa = PBXContainerItemProxy;
			containerPortal = D21AAC0A1BAB743100C13071 /* Project object */;
			proxyType = 1;
			remoteGlobalIDString = D21AAC111BAB743100C13071;
			remoteInfo = MemeMe;
		};
		D21AAC321BAB743200C13071 /* PBXContainerItemProxy */ = {
			isa = PBXContainerItemProxy;
			containerPortal = D21AAC0A1BAB743100C13071 /* Project object */;
			proxyType = 1;
			remoteGlobalIDString = D21AAC111BAB743100C13071;
			remoteInfo = MemeMe;
		};
/* End PBXContainerItemProxy section */

/* Begin PBXFileReference section */
		D21AAC121BAB743100C13071 /* MemeMe.app */ = {isa = PBXFileReference; explicitFileType = wrapper.application; includeInIndex = 0; path = MemeMe.app; sourceTree = BUILT_PRODUCTS_DIR; };
		D21AAC151BAB743100C13071 /* AppDelegate.swift */ = {isa = PBXFileReference; lastKnownFileType = sourcecode.swift; path = AppDelegate.swift; sourceTree = "<group>"; };
		D21AAC171BAB743100C13071 /* ViewController.swift */ = {isa = PBXFileReference; lastKnownFileType = sourcecode.swift; path = ViewController.swift; sourceTree = "<group>"; };
		D21AAC1A1BAB743100C13071 /* Base */ = {isa = PBXFileReference; lastKnownFileType = file.storyboard; name = Base; path = Base.lproj/Main.storyboard; sourceTree = "<group>"; };
		D21AAC1C1BAB743100C13071 /* Assets.xcassets */ = {isa = PBXFileReference; lastKnownFileType = folder.assetcatalog; path = Assets.xcassets; sourceTree = "<group>"; };
		D21AAC1F1BAB743100C13071 /* Base */ = {isa = PBXFileReference; lastKnownFileType = file.storyboard; name = Base; path = Base.lproj/LaunchScreen.storyboard; sourceTree = "<group>"; };
		D21AAC211BAB743100C13071 /* Info.plist */ = {isa = PBXFileReference; lastKnownFileType = text.plist.xml; path = Info.plist; sourceTree = "<group>"; };
		D21AAC261BAB743200C13071 /* MemeMeTests.xctest */ = {isa = PBXFileReference; explicitFileType = wrapper.cfbundle; includeInIndex = 0; path = MemeMeTests.xctest; sourceTree = BUILT_PRODUCTS_DIR; };
		D21AAC2A1BAB743200C13071 /* MemeMeTests.swift */ = {isa = PBXFileReference; lastKnownFileType = sourcecode.swift; path = MemeMeTests.swift; sourceTree = "<group>"; };
		D21AAC2C1BAB743200C13071 /* Info.plist */ = {isa = PBXFileReference; lastKnownFileType = text.plist.xml; path = Info.plist; sourceTree = "<group>"; };
		D21AAC311BAB743200C13071 /* MemeMeUITests.xctest */ = {isa = PBXFileReference; explicitFileType = wrapper.cfbundle; includeInIndex = 0; path = MemeMeUITests.xctest; sourceTree = BUILT_PRODUCTS_DIR; };
		D21AAC351BAB743200C13071 /* MemeMeUITests.swift */ = {isa = PBXFileReference; lastKnownFileType = sourcecode.swift; path = MemeMeUITests.swift; sourceTree = "<group>"; };
		D21AAC371BAB743200C13071 /* Info.plist */ = {isa = PBXFileReference; lastKnownFileType = text.plist.xml; path = Info.plist; sourceTree = "<group>"; };
/* End PBXFileReference section */

/* Begin PBXFrameworksBuildPhase section */
		D21AAC0F1BAB743100C13071 /* Frameworks */ = {
			isa = PBXFrameworksBuildPhase;
			buildActionMask = 2147483647;
			files = (
			);
			runOnlyForDeploymentPostprocessing = 0;
		};
		D21AAC231BAB743200C13071 /* Frameworks */ = {
			isa = PBXFrameworksBuildPhase;
			buildActionMask = 2147483647;
			files = (
			);
			runOnlyForDeploymentPostprocessing = 0;
		};
		D21AAC2E1BAB743200C13071 /* Frameworks */ = {
			isa = PBXFrameworksBuildPhase;
			buildActionMask = 2147483647;
			files = (
			);
			runOnlyForDeploymentPostprocessing = 0;
		};
/* End PBXFrameworksBuildPhase section */

/* Begin PBXGroup section */
		D21AAC091BAB743100C13071 = {
			isa = PBXGroup;
			children = (
				D21AAC141BAB743100C13071 /* MemeMe */,
				D21AAC291BAB743200C13071 /* MemeMeTests */,
				D21AAC341BAB743200C13071 /* MemeMeUITests */,
				D21AAC131BAB743100C13071 /* Products */,
			);
			sourceTree = "<group>";
		};
		D21AAC131BAB743100C13071 /* Products */ = {
			isa = PBXGroup;
			children = (
				D21AAC121BAB743100C13071 /* MemeMe.app */,
				D21AAC261BAB743200C13071 /* MemeMeTests.xctest */,
				D21AAC311BAB743200C13071 /* MemeMeUITests.xctest */,
			);
			name = Products;
			sourceTree = "<group>";
		};
		D21AAC141BAB743100C13071 /* MemeMe */ = {
			isa = PBXGroup;
			children = (
				D21AAC151BAB743100C13071 /* AppDelegate.swift */,
				D21AAC171BAB743100C13071 /* ViewController.swift */,
				D21AAC191BAB743100C13071 /* Main.storyboard */,
				D21AAC1C1BAB743100C13071 /* Assets.xcassets */,
				D21AAC1E1BAB743100C13071 /* LaunchScreen.storyboard */,
				D21AAC211BAB743100C13071 /* Info.plist */,
			);
			path = MemeMe;
			sourceTree = "<group>";
		};
		D21AAC291BAB743200C13071 /* MemeMeTests */ = {
			isa = PBXGroup;
			children = (
				D21AAC2A1BAB743200C13071 /* MemeMeTests.swift */,
				D21AAC2C1BAB743200C13071 /* Info.plist */,
			);
			path = MemeMeTests;
			sourceTree = "<group>";
		};
		D21AAC341BAB743200C13071 /* MemeMeUITests */ = {
			isa = PBXGroup;
			children = (
				D21AAC351BAB743200C13071 /* MemeMeUITests.swift */,
				D21AAC371BAB743200C13071 /* Info.plist */,
			);
			path = MemeMeUITests;
			sourceTree = "<group>";
		};
/* End PBXGroup section */

/* Begin PBXNativeTarget section */
		D21AAC111BAB743100C13071 /* MemeMe */ = {
			isa = PBXNativeTarget;
			buildConfigurationList = D21AAC3A1BAB743200C13071 /* Build configuration list for PBXNativeTarget "MemeMe" */;
			buildPhases = (
				D21AAC0E1BAB743100C13071 /* Sources */,
				D21AAC0F1BAB743100C13071 /* Frameworks */,
				D21AAC101BAB743100C13071 /* Resources */,
			);
			buildRules = (
			);
			dependencies = (
			);
			name = MemeMe;
			productName = MemeMe;
			productReference = D21AAC121BAB743100C13071 /* MemeMe.app */;
			productType = "com.apple.product-type.application";
		};
		D21AAC251BAB743200C13071 /* MemeMeTests */ = {
			isa = PBXNativeTarget;
			buildConfigurationList = D21AAC3D1BAB743200C13071 /* Build configuration list for PBXNativeTarget "MemeMeTests" */;
			buildPhases = (
				D21AAC221BAB743200C13071 /* Sources */,
				D21AAC231BAB743200C13071 /* Frameworks */,
				D21AAC241BAB743200C13071 /* Resources */,
			);
			buildRules = (
			);
			dependencies = (
				D21AAC281BAB743200C13071 /* PBXTargetDependency */,
			);
			name = MemeMeTests;
			productName = MemeMeTests;
			productReference = D21AAC261BAB743200C13071 /* MemeMeTests.xctest */;
			productType = "com.apple.product-type.bundle.unit-test";
		};
		D21AAC301BAB743200C13071 /* MemeMeUITests */ = {
			isa = PBXNativeTarget;
			buildConfigurationList = D21AAC401BAB743200C13071 /* Build configuration list for PBXNativeTarget "MemeMeUITests" */;
			buildPhases = (
				D21AAC2D1BAB743200C13071 /* Sources */,
				D21AAC2E1BAB743200C13071 /* Frameworks */,
				D21AAC2F1BAB743200C13071 /* Resources */,
			);
			buildRules = (
			);
			dependencies = (
				D21AAC331BAB743200C13071 /* PBXTargetDependency */,
			);
			name = MemeMeUITests;
			productName = MemeMeUITests;
			productReference = D21AAC311BAB743200C13071 /* MemeMeUITests.xctest */;
			productType = "com.apple.product-type.bundle.ui-testing";
		};
/* End PBXNativeTarget section */

/* Begin PBXProject section */
		D21AAC0A1BAB743100C13071 /* Project object */ = {
			isa = PBXProject;
			attributes = {
				LastUpgradeCheck = 0700;
				ORGANIZATIONNAME = "Scott Nelson";
				TargetAttributes = {
					D21AAC111BAB743100C13071 = {
						CreatedOnToolsVersion = 7.0;
					};
					D21AAC251BAB743200C13071 = {
						CreatedOnToolsVersion = 7.0;
						TestTargetID = D21AAC111BAB743100C13071;
					};
					D21AAC301BAB743200C13071 = {
						CreatedOnToolsVersion = 7.0;
						TestTargetID = D21AAC111BAB743100C13071;
					};
				};
			};
			buildConfigurationList = D21AAC0D1BAB743100C13071 /* Build configuration list for PBXProject "MemeMe" */;
			compatibilityVersion = "Xcode 3.2";
			developmentRegion = English;
			hasScannedForEncodings = 0;
			knownRegions = (
				en,
				Base,
			);
			mainGroup = D21AAC091BAB743100C13071;
			productRefGroup = D21AAC131BAB743100C13071 /* Products */;
			projectDirPath = "";
			projectRoot = "";
			targets = (
				D21AAC111BAB743100C13071 /* MemeMe */,
				D21AAC251BAB743200C13071 /* MemeMeTests */,
				D21AAC301BAB743200C13071 /* MemeMeUITests */,
			);
		};
/* End PBXProject section */

/* Begin PBXResourcesBuildPhase section */
		D21AAC101BAB743100C13071 /* Resources */ = {
			isa = PBXResourcesBuildPhase;
			buildActionMask = 2147483647;
			files = (
				D21AAC201BAB743100C13071 /* LaunchScreen.storyboard in Resources */,
				D21AAC1D1BAB743100C13071 /* Assets.xcassets in Resources */,
				D21AAC1B1BAB743100C13071 /* Main.storyboard in Resources */,
			);
			runOnlyForDeploymentPostprocessing = 0;
		};
		D21AAC241BAB743200C13071 /* Resources */ = {
			isa = PBXResourcesBuildPhase;
			buildActionMask = 2147483647;
			files = (
			);
			runOnlyForDeploymentPostprocessing = 0;
		};
		D21AAC2F1BAB743200C13071 /* Resources */ = {
			isa = PBXResourcesBuildPhase;
			buildActionMask = 2147483647;
			files = (
			);
			runOnlyForDeploymentPostprocessing = 0;
		};
/* End PBXResourcesBuildPhase section */

/* Begin PBXSourcesBuildPhase section */
		D21AAC0E1BAB743100C13071 /* Sources */ = {
			isa = PBXSourcesBuildPhase;
			buildActionMask = 2147483647;
			files = (
				D21AAC181BAB743100C13071 /* ViewController.swift in Sources */,
				D21AAC161BAB743100C13071 /* AppDelegate.swift in Sources */,
			);
			runOnlyForDeploymentPostprocessing = 0;
		};
		D21AAC221BAB743200C13071 /* Sources */ = {
			isa = PBXSourcesBuildPhase;
			buildActionMask = 2147483647;
			files = (
				D21AAC2B1BAB743200C13071 /* MemeMeTests.swift in Sources */,
			);
			runOnlyForDeploymentPostprocessing = 0;
		};
		D21AAC2D1BAB743200C13071 /* Sources */ = {
			isa = PBXSourcesBuildPhase;
			buildActionMask = 2147483647;
			files = (
				D21AAC361BAB743200C13071 /* MemeMeUITests.swift in Sources */,
			);
			runOnlyForDeploymentPostprocessing = 0;
		};
/* End PBXSourcesBuildPhase section */

/* Begin PBXTargetDependency section */
		D21AAC281BAB743200C13071 /* PBXTargetDependency */ = {
			isa = PBXTargetDependency;
			target = D21AAC111BAB743100C13071 /* MemeMe */;
			targetProxy = D21AAC271BAB743200C13071 /* PBXContainerItemProxy */;
		};
		D21AAC331BAB743200C13071 /* PBXTargetDependency */ = {
			isa = PBXTargetDependency;
			target = D21AAC111BAB743100C13071 /* MemeMe */;
			targetProxy = D21AAC321BAB743200C13071 /* PBXContainerItemProxy */;
		};
/* End PBXTargetDependency section */

/* Begin PBXVariantGroup section */
		D21AAC191BAB743100C13071 /* Main.storyboard */ = {
			isa = PBXVariantGroup;
			children = (
				D21AAC1A1BAB743100C13071 /* Base */,
			);
			name = Main.storyboard;
			sourceTree = "<group>";
		};
		D21AAC1E1BAB743100C13071 /* LaunchScreen.storyboard */ = {
			isa = PBXVariantGroup;
			children = (
				D21AAC1F1BAB743100C13071 /* Base */,
			);
			name = LaunchScreen.storyboard;
			sourceTree = "<group>";
		};
/* End PBXVariantGroup section */

/* Begin XCBuildConfiguration section */
		D21AAC381BAB743200C13071 /* Debug */ = {
			isa = XCBuildConfiguration;
			buildSettings = {
				ALWAYS_SEARCH_USER_PATHS = NO;
				CLANG_CXX_LANGUAGE_STANDARD = "gnu++0x";
				CLANG_CXX_LIBRARY = "libc++";
				CLANG_ENABLE_MODULES = YES;
				CLANG_ENABLE_OBJC_ARC = YES;
				CLANG_WARN_BOOL_CONVERSION = YES;
				CLANG_WARN_CONSTANT_CONVERSION = YES;
				CLANG_WARN_DIRECT_OBJC_ISA_USAGE = YES_ERROR;
				CLANG_WARN_EMPTY_BODY = YES;
				CLANG_WARN_ENUM_CONVERSION = YES;
				CLANG_WARN_INT_CONVERSION = YES;
				CLANG_WARN_OBJC_ROOT_CLASS = YES_ERROR;
				CLANG_WARN_UNREACHABLE_CODE = YES;
				CLANG_WARN__DUPLICATE_METHOD_MATCH = YES;
				"CODE_SIGN_IDENTITY[sdk=iphoneos*]" = "iPhone Developer";
				COPY_PHASE_STRIP = NO;
				DEBUG_INFORMATION_FORMAT = dwarf;
				ENABLE_STRICT_OBJC_MSGSEND = YES;
				ENABLE_TESTABILITY = YES;
				GCC_C_LANGUAGE_STANDARD = gnu99;
				GCC_DYNAMIC_NO_PIC = NO;
				GCC_NO_COMMON_BLOCKS = YES;
				GCC_OPTIMIZATION_LEVEL = 0;
				GCC_PREPROCESSOR_DEFINITIONS = (
					"DEBUG=1",
					"$(inherited)",
				);
				GCC_WARN_64_TO_32_BIT_CONVERSION = YES;
				GCC_WARN_ABOUT_RETURN_TYPE = YES_ERROR;
				GCC_WARN_UNDECLARED_SELECTOR = YES;
				GCC_WARN_UNINITIALIZED_AUTOS = YES_AGGRESSIVE;
				GCC_WARN_UNUSED_FUNCTION = YES;
				GCC_WARN_UNUSED_VARIABLE = YES;
				IPHONEOS_DEPLOYMENT_TARGET = 9.0;
				MTL_ENABLE_DEBUG_INFO = YES;
				ONLY_ACTIVE_ARCH = YES;
				SDKROOT = iphoneos;
				SWIFT_OPTIMIZATION_LEVEL = "-Onone";
			};
			name = Debug;
		};
		D21AAC391BAB743200C13071 /* Release */ = {
			isa = XCBuildConfiguration;
			buildSettings = {
				ALWAYS_SEARCH_USER_PATHS = NO;
				CLANG_CXX_LANGUAGE_STANDARD = "gnu++0x";
				CLANG_CXX_LIBRARY = "libc++";
				CLANG_ENABLE_MODULES = YES;
				CLANG_ENABLE_OBJC_ARC = YES;
				CLANG_WARN_BOOL_CONVERSION = YES;
				CLANG_WARN_CONSTANT_CONVERSION = YES;
				CLANG_WARN_DIRECT_OBJC_ISA_USAGE = YES_ERROR;
				CLANG_WARN_EMPTY_BODY = YES;
				CLANG_WARN_ENUM_CONVERSION = YES;
				CLANG_WARN_INT_CONVERSION = YES;
				CLANG_WARN_OBJC_ROOT_CLASS = YES_ERROR;
				CLANG_WARN_UNREACHABLE_CODE = YES;
				CLANG_WARN__DUPLICATE_METHOD_MATCH = YES;
				"CODE_SIGN_IDENTITY[sdk=iphoneos*]" = "iPhone Developer";
				COPY_PHASE_STRIP = NO;
				DEBUG_INFORMATION_FORMAT = "dwarf-with-dsym";
				ENABLE_NS_ASSERTIONS = NO;
				ENABLE_STRICT_OBJC_MSGSEND = YES;
				GCC_C_LANGUAGE_STANDARD = gnu99;
				GCC_NO_COMMON_BLOCKS = YES;
				GCC_WARN_64_TO_32_BIT_CONVERSION = YES;
				GCC_WARN_ABOUT_RETURN_TYPE = YES_ERROR;
				GCC_WARN_UNDECLARED_SELECTOR = YES;
				GCC_WARN_UNINITIALIZED_AUTOS = YES_AGGRESSIVE;
				GCC_WARN_UNUSED_FUNCTION = YES;
				GCC_WARN_UNUSED_VARIABLE = YES;
				IPHONEOS_DEPLOYMENT_TARGET = 9.0;
				MTL_ENABLE_DEBUG_INFO = NO;
				SDKROOT = iphoneos;
				VALIDATE_PRODUCT = YES;
			};
			name = Release;
		};
		D21AAC3B1BAB743200C13071 /* Debug */ = {
			isa = XCBuildConfiguration;
			buildSettings = {
				ASSETCATALOG_COMPILER_APPICON_NAME = AppIcon;
				INFOPLIST_FILE = MemeMe/Info.plist;
				LD_RUNPATH_SEARCH_PATHS = "$(inherited) @executable_path/Frameworks";
				PRODUCT_BUNDLE_IDENTIFIER = com.coderkitchen.MemeMe;
				PRODUCT_NAME = "$(TARGET_NAME)";
			};
			name = Debug;
		};
		D21AAC3C1BAB743200C13071 /* Release */ = {
			isa = XCBuildConfiguration;
			buildSettings = {
				ASSETCATALOG_COMPILER_APPICON_NAME = AppIcon;
				INFOPLIST_FILE = MemeMe/Info.plist;
				LD_RUNPATH_SEARCH_PATHS = "$(inherited) @executable_path/Frameworks";
				PRODUCT_BUNDLE_IDENTIFIER = com.coderkitchen.MemeMe;
				PRODUCT_NAME = "$(TARGET_NAME)";
			};
			name = Release;
		};
		D21AAC3E1BAB743200C13071 /* Debug */ = {
			isa = XCBuildConfiguration;
			buildSettings = {
				BUNDLE_LOADER = "$(TEST_HOST)";
				INFOPLIST_FILE = MemeMeTests/Info.plist;
				LD_RUNPATH_SEARCH_PATHS = "$(inherited) @executable_path/Frameworks @loader_path/Frameworks";
				PRODUCT_BUNDLE_IDENTIFIER = com.coderkitchen.MemeMeTests;
				PRODUCT_NAME = "$(TARGET_NAME)";
				TEST_HOST = "$(BUILT_PRODUCTS_DIR)/MemeMe.app/MemeMe";
			};
			name = Debug;
		};
		D21AAC3F1BAB743200C13071 /* Release */ = {
			isa = XCBuildConfiguration;
			buildSettings = {
				BUNDLE_LOADER = "$(TEST_HOST)";
				INFOPLIST_FILE = MemeMeTests/Info.plist;
				LD_RUNPATH_SEARCH_PATHS = "$(inherited) @executable_path/Frameworks @loader_path/Frameworks";
				PRODUCT_BUNDLE_IDENTIFIER = com.coderkitchen.MemeMeTests;
				PRODUCT_NAME = "$(TARGET_NAME)";
				TEST_HOST = "$(BUILT_PRODUCTS_DIR)/MemeMe.app/MemeMe";
			};
			name = Release;
		};
		D21AAC411BAB743200C13071 /* Debug */ = {
			isa = XCBuildConfiguration;
			buildSettings = {
				INFOPLIST_FILE = MemeMeUITests/Info.plist;
				LD_RUNPATH_SEARCH_PATHS = "$(inherited) @executable_path/Frameworks @loader_path/Frameworks";
				PRODUCT_BUNDLE_IDENTIFIER = com.coderkitchen.MemeMeUITests;
				PRODUCT_NAME = "$(TARGET_NAME)";
				TEST_TARGET_NAME = MemeMe;
				USES_XCTRUNNER = YES;
			};
			name = Debug;
		};
		D21AAC421BAB743200C13071 /* Release */ = {
			isa = XCBuildConfiguration;
			buildSettings = {
				INFOPLIST_FILE = MemeMeUITests/Info.plist;
				LD_RUNPATH_SEARCH_PATHS = "$(inherited) @executable_path/Frameworks @loader_path/Frameworks";
				PRODUCT_BUNDLE_IDENTIFIER = com.coderkitchen.MemeMeUITests;
				PRODUCT_NAME = "$(TARGET_NAME)";
				TEST_TARGET_NAME = MemeMe;
				USES_XCTRUNNER = YES;
			};
			name = Release;
		};
/* End XCBuildConfiguration section */

/* Begin XCConfigurationList section */
		D21AAC0D1BAB743100C13071 /* Build configuration list for PBXProject "MemeMe" */ = {
			isa = XCConfigurationList;
			buildConfigurations = (
				D21AAC381BAB743200C13071 /* Debug */,
				D21AAC391BAB743200C13071 /* Release */,
			);
			defaultConfigurationIsVisible = 0;
			defaultConfigurationName = Release;
		};
		D21AAC3A1BAB743200C13071 /* Build configuration list for PBXNativeTarget "MemeMe" */ = {
			isa = XCConfigurationList;
			buildConfigurations = (
				D21AAC3B1BAB743200C13071 /* Debug */,
				D21AAC3C1BAB743200C13071 /* Release */,
			);
			defaultConfigurationIsVisible = 0;
		};
		D21AAC3D1BAB743200C13071 /* Build configuration list for PBXNativeTarget "MemeMeTests" */ = {
			isa = XCConfigurationList;
			buildConfigurations = (
				D21AAC3E1BAB743200C13071 /* Debug */,
				D21AAC3F1BAB743200C13071 /* Release */,
			);
			defaultConfigurationIsVisible = 0;
		};
		D21AAC401BAB743200C13071 /* Build configuration list for PBXNativeTarget "MemeMeUITests" */ = {
			isa = XCConfigurationList;
			buildConfigurations = (
				D21AAC411BAB743200C13071 /* Debug */,
				D21AAC421BAB743200C13071 /* Release */,
			);
			defaultConfigurationIsVisible = 0;
		};
/* End XCConfigurationList section */
	};
	rootObject = D21AAC0A1BAB743100C13071 /* Project object */;
}
